
Microsoft Visual Studio Solution File, Format Version 12.00
# Visual Studio Version 17
VisualStudioVersion = 17.6.33815.320
MinimumVisualStudioVersion = 10.0.40219.1
Project("{FAE04EC0-301F-11D3-BF4B-00C04F79EFBC}") = "WinFormsTest", "WinFormsTest\WinFormsTest.csproj", "{A7C0ABB0-BCCC-45B5-B61C-FB09CA7E4384}"
EndProject
Global
	GlobalSection(SolutionConfigurationPlatforms) = preSolution
		Debug|Any CPU = Debug|Any CPU
		Release|Any CPU = Release|Any CPU
	EndGlobalSection
	GlobalSection(ProjectConfigurationPlatforms) = postSolution
		{A7C0ABB0-BCCC-45B5-B61C-FB09CA7E4384}.Debug|Any CPU.ActiveCfg = Debug|Any CPU
		{A7C0ABB0-BCCC-45B5-B61C-FB09CA7E4384}.Debug|Any CPU.Build.0 = Debug|Any CPU
		{A7C0ABB0-BCCC-45B5-B61C-FB09CA7E4384}.Release|Any CPU.ActiveCfg = Release|Any CPU
		{A7C0ABB0-BCCC-45B5-B61C-FB09CA7E4384}.Release|Any CPU.Build.0 = Release|Any CPU
	EndGlobalSection
	GlobalSection(SolutionProperties) = preSolution
		HideSolutionNode = FALSE
	EndGlobalSection
	GlobalSection(ExtensibilityGlobals) = postSolution
		SolutionGuid = {66A1E235-AA56-4E57-917C-125FC11940CE}
	EndGlobalSection
EndGlobal
